
Microsoft Visual Studio Solution File, Format Version 12.00
# Visual Studio Version 16
VisualStudioVersion = 16.0.34729.46
MinimumVisualStudioVersion = 10.0.40219.1
Project("{F184B08F-C81C-45F6-A57F-5ABD9991F28F}") = "Calculadora", "Calculadora\Calculadora.vbproj", "{12DEBF8B-F5E8-47B8-B6F8-4C6C3EEFEDEC}"
EndProject
Global
	GlobalSection(SolutionConfigurationPlatforms) = preSolution
		Debug|Any CPU = Debug|Any CPU
		Release|Any CPU = Release|Any CPU
	EndGlobalSection
	GlobalSection(ProjectConfigurationPlatforms) = postSolution
		{12DEBF8B-F5E8-47B8-B6F8-4C6C3EEFEDEC}.Debug|Any CPU.ActiveCfg = Debug|Any CPU
		{12DEBF8B-F5E8-47B8-B6F8-4C6C3EEFEDEC}.Debug|Any CPU.Build.0 = Debug|Any CPU
		{12DEBF8B-F5E8-47B8-B6F8-4C6C3EEFEDEC}.Release|Any CPU.ActiveCfg = Release|Any CPU
		{12DEBF8B-F5E8-47B8-B6F8-4C6C3EEFEDEC}.Release|Any CPU.Build.0 = Release|Any CPU
	EndGlobalSection
	GlobalSection(SolutionProperties) = preSolution
		HideSolutionNode = FALSE
	EndGlobalSection
	GlobalSection(ExtensibilityGlobals) = postSolution
		SolutionGuid = {D362FF02-BFC1-4568-9496-7AB048DF772F}
	EndGlobalSection
EndGlobal
